
Microsoft Visual Studio Solution File, Format Version 12.00
# Visual Studio Version 16
VisualStudioVersion = 16.0.29324.140
MinimumVisualStudioVersion = 10.0.40219.1
Project("{2150E333-8FDC-42A3-9474-1A3956D46DE8}") = "DataEngine", "DataEngine", "{DD1EAEB4-3588-4500-8B0C-B18CCB7586FC}"
EndProject
Project("{2150E333-8FDC-42A3-9474-1A3956D46DE8}") = "Repositories", "Repositories", "{D59219BD-B5D6-4D6D-8966-ADDAB489A183}"
EndProject
Project("{2150E333-8FDC-42A3-9474-1A3956D46DE8}") = "Api", "Api", "{60C18170-452A-4F14-A413-80A1977B363F}"
EndProject
Project("{2150E333-8FDC-42A3-9474-1A3956D46DE8}") = "BI", "BI", "{225126BE-FBCC-441A-8475-026B09E36B2D}"
EndProject
Project("{FAE04EC0-301F-11D3-BF4B-00C04F79EFBC}") = "InterBlock.BI.Models", "InterBlock.BI.Models\InterBlock.BI.Models.csproj", "{7B0827EF-57E9-4B6F-A2E8-5AF5EF5B4709}"
EndProject
Project("{FAE04EC0-301F-11D3-BF4B-00C04F79EFBC}") = "InterBlock.DataEngine.Common", "InterBlock.DataEngine.Common\InterBlock.DataEngine.Common.csproj", "{7493DDBA-0C5E-4EB9-A6F2-01EB62DF63D9}"
	ProjectSection(ProjectDependencies) = postProject
		{1995E7AD-0834-44C2-A803-F974FEE52D4C} = {1995E7AD-0834-44C2-A803-F974FEE52D4C}
		{7B0827EF-57E9-4B6F-A2E8-5AF5EF5B4709} = {7B0827EF-57E9-4B6F-A2E8-5AF5EF5B4709}
	EndProjectSection
EndProject
Project("{FAE04EC0-301F-11D3-BF4B-00C04F79EFBC}") = "InterBlock.DataEngine.MSSQL", "InterBlock.DataEngine.MSSQL\InterBlock.DataEngine.MSSQL.csproj", "{18CD52D8-AE48-4F0F-AF51-1CB0222446FB}"
	ProjectSection(ProjectDependencies) = postProject
		{1995E7AD-0834-44C2-A803-F974FEE52D4C} = {1995E7AD-0834-44C2-A803-F974FEE52D4C}
		{7B0827EF-57E9-4B6F-A2E8-5AF5EF5B4709} = {7B0827EF-57E9-4B6F-A2E8-5AF5EF5B4709}
	EndProjectSection
EndProject
Project("{FAE04EC0-301F-11D3-BF4B-00C04F79EFBC}") = "InterBlock.DataEngine.PostgreSQL", "InterBlock.DataEngine.PostgreSQL\InterBlock.DataEngine.PostgreSQL.csproj", "{C87C0B2A-B935-4B82-9EAF-80720FFA6A32}"
	ProjectSection(ProjectDependencies) = postProject
		{1995E7AD-0834-44C2-A803-F974FEE52D4C} = {1995E7AD-0834-44C2-A803-F974FEE52D4C}
		{7B0827EF-57E9-4B6F-A2E8-5AF5EF5B4709} = {7B0827EF-57E9-4B6F-A2E8-5AF5EF5B4709}
	EndProjectSection
EndProject
Project("{FAE04EC0-301F-11D3-BF4B-00C04F79EFBC}") = "InterBlock.DataEngine.DB2", "InterBlock.DataEngine.DB2\InterBlock.DataEngine.DB2.csproj", "{BB331DFD-28B1-4890-9E77-159C934FF5F4}"
	ProjectSection(ProjectDependencies) = postProject
		{1995E7AD-0834-44C2-A803-F974FEE52D4C} = {1995E7AD-0834-44C2-A803-F974FEE52D4C}
		{7B0827EF-57E9-4B6F-A2E8-5AF5EF5B4709} = {7B0827EF-57E9-4B6F-A2E8-5AF5EF5B4709}
	EndProjectSection
EndProject
Project("{FAE04EC0-301F-11D3-BF4B-00C04F79EFBC}") = "InterBlock.DataEngine.MySQL", "InterBlock.DataEngine.MySQL\InterBlock.DataEngine.MySQL.csproj", "{6CAE517F-51BE-465D-8973-C5EAE9311A55}"
	ProjectSection(ProjectDependencies) = postProject
		{1995E7AD-0834-44C2-A803-F974FEE52D4C} = {1995E7AD-0834-44C2-A803-F974FEE52D4C}
		{7B0827EF-57E9-4B6F-A2E8-5AF5EF5B4709} = {7B0827EF-57E9-4B6F-A2E8-5AF5EF5B4709}
	EndProjectSection
EndProject
Project("{FAE04EC0-301F-11D3-BF4B-00C04F79EFBC}") = "InterBlock.Repositories.Base", "InterBlock.Repositories.Base\InterBlock.Repositories.Base.csproj", "{E3554382-62CF-4ECB-9660-37A86E3847EC}"
	ProjectSection(ProjectDependencies) = postProject
		{C87C0B2A-B935-4B82-9EAF-80720FFA6A32} = {C87C0B2A-B935-4B82-9EAF-80720FFA6A32}
		{6CAE517F-51BE-465D-8973-C5EAE9311A55} = {6CAE517F-51BE-465D-8973-C5EAE9311A55}
		{1995E7AD-0834-44C2-A803-F974FEE52D4C} = {1995E7AD-0834-44C2-A803-F974FEE52D4C}
		{7493DDBA-0C5E-4EB9-A6F2-01EB62DF63D9} = {7493DDBA-0C5E-4EB9-A6F2-01EB62DF63D9}
		{18CD52D8-AE48-4F0F-AF51-1CB0222446FB} = {18CD52D8-AE48-4F0F-AF51-1CB0222446FB}
		{C7B581E9-0775-48CB-8A47-AE37FA4FBFDB} = {C7B581E9-0775-48CB-8A47-AE37FA4FBFDB}
		{7B0827EF-57E9-4B6F-A2E8-5AF5EF5B4709} = {7B0827EF-57E9-4B6F-A2E8-5AF5EF5B4709}
		{BB331DFD-28B1-4890-9E77-159C934FF5F4} = {BB331DFD-28B1-4890-9E77-159C934FF5F4}
	EndProjectSection
EndProject
Project("{FAE04EC0-301F-11D3-BF4B-00C04F79EFBC}") = "InterBlock.Repositories.Extended", "InterBlock.Repositories.Extended\InterBlock.Repositories.Extended.csproj", "{7F71C9F6-EF7F-4F33-A0CA-B8ABD6224138}"
	ProjectSection(ProjectDependencies) = postProject
		{C87C0B2A-B935-4B82-9EAF-80720FFA6A32} = {C87C0B2A-B935-4B82-9EAF-80720FFA6A32}
		{6CAE517F-51BE-465D-8973-C5EAE9311A55} = {6CAE517F-51BE-465D-8973-C5EAE9311A55}
		{E3554382-62CF-4ECB-9660-37A86E3847EC} = {E3554382-62CF-4ECB-9660-37A86E3847EC}
		{1995E7AD-0834-44C2-A803-F974FEE52D4C} = {1995E7AD-0834-44C2-A803-F974FEE52D4C}
		{7493DDBA-0C5E-4EB9-A6F2-01EB62DF63D9} = {7493DDBA-0C5E-4EB9-A6F2-01EB62DF63D9}
		{18CD52D8-AE48-4F0F-AF51-1CB0222446FB} = {18CD52D8-AE48-4F0F-AF51-1CB0222446FB}
		{C7B581E9-0775-48CB-8A47-AE37FA4FBFDB} = {C7B581E9-0775-48CB-8A47-AE37FA4FBFDB}
		{7B0827EF-57E9-4B6F-A2E8-5AF5EF5B4709} = {7B0827EF-57E9-4B6F-A2E8-5AF5EF5B4709}
		{BB331DFD-28B1-4890-9E77-159C934FF5F4} = {BB331DFD-28B1-4890-9E77-159C934FF5F4}
	EndProjectSection
EndProject
Project("{2150E333-8FDC-42A3-9474-1A3956D46DE8}") = "Helpers", "Helpers", "{A83A8EDE-B1ED-47ED-9171-981641003D41}"
EndProject
Project("{FAE04EC0-301F-11D3-BF4B-00C04F79EFBC}") = "InterBlock.Helpers.Enums", "InterBlock.Helpers.Enums\InterBlock.Helpers.Enums.csproj", "{1995E7AD-0834-44C2-A803-F974FEE52D4C}"
EndProject
Project("{FAE04EC0-301F-11D3-BF4B-00C04F79EFBC}") = "InterBlock.Helpers.Interfaces", "InterBlock.Helpers.Interfaces\InterBlock.Helpers.Interfaces.csproj", "{C7B581E9-0775-48CB-8A47-AE37FA4FBFDB}"
EndProject
Project("{FAE04EC0-301F-11D3-BF4B-00C04F79EFBC}") = "InterBlock.Api.Common", "InterBlock.Api.Common\InterBlock.Api.Common.csproj", "{EC4FCCAA-7336-4C3F-9E94-544E4A3A5B69}"
	ProjectSection(ProjectDependencies) = postProject
		{E3554382-62CF-4ECB-9660-37A86E3847EC} = {E3554382-62CF-4ECB-9660-37A86E3847EC}
		{1995E7AD-0834-44C2-A803-F974FEE52D4C} = {1995E7AD-0834-44C2-A803-F974FEE52D4C}
		{C7B581E9-0775-48CB-8A47-AE37FA4FBFDB} = {C7B581E9-0775-48CB-8A47-AE37FA4FBFDB}
		{7B0827EF-57E9-4B6F-A2E8-5AF5EF5B4709} = {7B0827EF-57E9-4B6F-A2E8-5AF5EF5B4709}
		{7F71C9F6-EF7F-4F33-A0CA-B8ABD6224138} = {7F71C9F6-EF7F-4F33-A0CA-B8ABD6224138}
	EndProjectSection
EndProject
Project("{FAE04EC0-301F-11D3-BF4B-00C04F79EFBC}") = "InterBlock.Helpers.Configurations", "InterBlock.Helpers.Configurations\InterBlock.Helpers.Configurations.csproj", "{A429F3AF-0986-48A5-8537-F6ACFB0A58FF}"
EndProject
Project("{FAE04EC0-301F-11D3-BF4B-00C04F79EFBC}") = "InterBlock.Api.Service", "InterBlock.Api.Service\InterBlock.Api.Service.csproj", "{CA3A3425-53D7-4CD2-894E-694E1A6CA1A0}"
EndProject
Project("{FAE04EC0-301F-11D3-BF4B-00C04F79EFBC}") = "InterBlock.DataEngine.EF", "InterBlock.DataEngine.EF\InterBlock.DataEngine.EF.csproj", "{BD57146A-D2F9-4A4C-9465-77AEC9B27751}"
EndProject
Project("{FAE04EC0-301F-11D3-BF4B-00C04F79EFBC}") = "InterBlock.Helpers.Utilities", "InterBlock.Helpers.Utilities\InterBlock.Helpers.Utilities.csproj", "{B260EC27-475A-4C88-91D0-95BE3011783E}"
EndProject
Global
	GlobalSection(SolutionConfigurationPlatforms) = preSolution
		Debug|Any CPU = Debug|Any CPU
		Release|Any CPU = Release|Any CPU
	EndGlobalSection
	GlobalSection(ProjectConfigurationPlatforms) = postSolution
		{7B0827EF-57E9-4B6F-A2E8-5AF5EF5B4709}.Debug|Any CPU.ActiveCfg = Debug|Any CPU
		{7B0827EF-57E9-4B6F-A2E8-5AF5EF5B4709}.Debug|Any CPU.Build.0 = Debug|Any CPU
		{7B0827EF-57E9-4B6F-A2E8-5AF5EF5B4709}.Release|Any CPU.ActiveCfg = Release|Any CPU
		{7B0827EF-57E9-4B6F-A2E8-5AF5EF5B4709}.Release|Any CPU.Build.0 = Release|Any CPU
		{7493DDBA-0C5E-4EB9-A6F2-01EB62DF63D9}.Debug|Any CPU.ActiveCfg = Debug|Any CPU
		{7493DDBA-0C5E-4EB9-A6F2-01EB62DF63D9}.Debug|Any CPU.Build.0 = Debug|Any CPU
		{7493DDBA-0C5E-4EB9-A6F2-01EB62DF63D9}.Release|Any CPU.ActiveCfg = Release|Any CPU
		{7493DDBA-0C5E-4EB9-A6F2-01EB62DF63D9}.Release|Any CPU.Build.0 = Release|Any CPU
		{18CD52D8-AE48-4F0F-AF51-1CB0222446FB}.Debug|Any CPU.ActiveCfg = Debug|Any CPU
		{18CD52D8-AE48-4F0F-AF51-1CB0222446FB}.Debug|Any CPU.Build.0 = Debug|Any CPU
		{18CD52D8-AE48-4F0F-AF51-1CB0222446FB}.Release|Any CPU.ActiveCfg = Release|Any CPU
		{18CD52D8-AE48-4F0F-AF51-1CB0222446FB}.Release|Any CPU.Build.0 = Release|Any CPU
		{C87C0B2A-B935-4B82-9EAF-80720FFA6A32}.Debug|Any CPU.ActiveCfg = Debug|Any CPU
		{C87C0B2A-B935-4B82-9EAF-80720FFA6A32}.Debug|Any CPU.Build.0 = Debug|Any CPU
		{C87C0B2A-B935-4B82-9EAF-80720FFA6A32}.Release|Any CPU.ActiveCfg = Release|Any CPU
		{C87C0B2A-B935-4B82-9EAF-80720FFA6A32}.Release|Any CPU.Build.0 = Release|Any CPU
		{BB331DFD-28B1-4890-9E77-159C934FF5F4}.Debug|Any CPU.ActiveCfg = Debug|Any CPU
		{BB331DFD-28B1-4890-9E77-159C934FF5F4}.Debug|Any CPU.Build.0 = Debug|Any CPU
		{BB331DFD-28B1-4890-9E77-159C934FF5F4}.Release|Any CPU.ActiveCfg = Release|Any CPU
		{BB331DFD-28B1-4890-9E77-159C934FF5F4}.Release|Any CPU.Build.0 = Release|Any CPU
		{6CAE517F-51BE-465D-8973-C5EAE9311A55}.Debug|Any CPU.ActiveCfg = Debug|Any CPU
		{6CAE517F-51BE-465D-8973-C5EAE9311A55}.Debug|Any CPU.Build.0 = Debug|Any CPU
		{6CAE517F-51BE-465D-8973-C5EAE9311A55}.Release|Any CPU.ActiveCfg = Release|Any CPU
		{6CAE517F-51BE-465D-8973-C5EAE9311A55}.Release|Any CPU.Build.0 = Release|Any CPU
		{E3554382-62CF-4ECB-9660-37A86E3847EC}.Debug|Any CPU.ActiveCfg = Debug|Any CPU
		{E3554382-62CF-4ECB-9660-37A86E3847EC}.Debug|Any CPU.Build.0 = Debug|Any CPU
		{E3554382-62CF-4ECB-9660-37A86E3847EC}.Release|Any CPU.ActiveCfg = Release|Any CPU
		{E3554382-62CF-4ECB-9660-37A86E3847EC}.Release|Any CPU.Build.0 = Release|Any CPU
		{7F71C9F6-EF7F-4F33-A0CA-B8ABD6224138}.Debug|Any CPU.ActiveCfg = Debug|Any CPU
		{7F71C9F6-EF7F-4F33-A0CA-B8ABD6224138}.Debug|Any CPU.Build.0 = Debug|Any CPU
		{7F71C9F6-EF7F-4F33-A0CA-B8ABD6224138}.Release|Any CPU.ActiveCfg = Release|Any CPU
		{7F71C9F6-EF7F-4F33-A0CA-B8ABD6224138}.Release|Any CPU.Build.0 = Release|Any CPU
		{1995E7AD-0834-44C2-A803-F974FEE52D4C}.Debug|Any CPU.ActiveCfg = Debug|Any CPU
		{1995E7AD-0834-44C2-A803-F974FEE52D4C}.Debug|Any CPU.Build.0 = Debug|Any CPU
		{1995E7AD-0834-44C2-A803-F974FEE52D4C}.Release|Any CPU.ActiveCfg = Release|Any CPU
		{1995E7AD-0834-44C2-A803-F974FEE52D4C}.Release|Any CPU.Build.0 = Release|Any CPU
		{C7B581E9-0775-48CB-8A47-AE37FA4FBFDB}.Debug|Any CPU.ActiveCfg = Debug|Any CPU
		{C7B581E9-0775-48CB-8A47-AE37FA4FBFDB}.Debug|Any CPU.Build.0 = Debug|Any CPU
		{C7B581E9-0775-48CB-8A47-AE37FA4FBFDB}.Release|Any CPU.ActiveCfg = Release|Any CPU
		{C7B581E9-0775-48CB-8A47-AE37FA4FBFDB}.Release|Any CPU.Build.0 = Release|Any CPU
		{EC4FCCAA-7336-4C3F-9E94-544E4A3A5B69}.Debug|Any CPU.ActiveCfg = Debug|Any CPU
		{EC4FCCAA-7336-4C3F-9E94-544E4A3A5B69}.Debug|Any CPU.Build.0 = Debug|Any CPU
		{EC4FCCAA-7336-4C3F-9E94-544E4A3A5B69}.Release|Any CPU.ActiveCfg = Release|Any CPU
		{EC4FCCAA-7336-4C3F-9E94-544E4A3A5B69}.Release|Any CPU.Build.0 = Release|Any CPU
		{A429F3AF-0986-48A5-8537-F6ACFB0A58FF}.Debug|Any CPU.ActiveCfg = Debug|Any CPU
		{A429F3AF-0986-48A5-8537-F6ACFB0A58FF}.Debug|Any CPU.Build.0 = Debug|Any CPU
		{A429F3AF-0986-48A5-8537-F6ACFB0A58FF}.Release|Any CPU.ActiveCfg = Release|Any CPU
		{A429F3AF-0986-48A5-8537-F6ACFB0A58FF}.Release|Any CPU.Build.0 = Release|Any CPU
		{CA3A3425-53D7-4CD2-894E-694E1A6CA1A0}.Debug|Any CPU.ActiveCfg = Debug|Any CPU
		{CA3A3425-53D7-4CD2-894E-694E1A6CA1A0}.Debug|Any CPU.Build.0 = Debug|Any CPU
		{CA3A3425-53D7-4CD2-894E-694E1A6CA1A0}.Release|Any CPU.ActiveCfg = Release|Any CPU
		{CA3A3425-53D7-4CD2-894E-694E1A6CA1A0}.Release|Any CPU.Build.0 = Release|Any CPU
		{BD57146A-D2F9-4A4C-9465-77AEC9B27751}.Debug|Any CPU.ActiveCfg = Debug|Any CPU
		{BD57146A-D2F9-4A4C-9465-77AEC9B27751}.Debug|Any CPU.Build.0 = Debug|Any CPU
		{BD57146A-D2F9-4A4C-9465-77AEC9B27751}.Release|Any CPU.ActiveCfg = Release|Any CPU
		{BD57146A-D2F9-4A4C-9465-77AEC9B27751}.Release|Any CPU.Build.0 = Release|Any CPU
		{B260EC27-475A-4C88-91D0-95BE3011783E}.Debug|Any CPU.ActiveCfg = Debug|Any CPU
		{B260EC27-475A-4C88-91D0-95BE3011783E}.Debug|Any CPU.Build.0 = Debug|Any CPU
		{B260EC27-475A-4C88-91D0-95BE3011783E}.Release|Any CPU.ActiveCfg = Release|Any CPU
		{B260EC27-475A-4C88-91D0-95BE3011783E}.Release|Any CPU.Build.0 = Release|Any CPU
	EndGlobalSection
	GlobalSection(SolutionProperties) = preSolution
		HideSolutionNode = FALSE
	EndGlobalSection
	GlobalSection(NestedProjects) = preSolution
		{7B0827EF-57E9-4B6F-A2E8-5AF5EF5B4709} = {225126BE-FBCC-441A-8475-026B09E36B2D}
		{7493DDBA-0C5E-4EB9-A6F2-01EB62DF63D9} = {DD1EAEB4-3588-4500-8B0C-B18CCB7586FC}
		{18CD52D8-AE48-4F0F-AF51-1CB0222446FB} = {DD1EAEB4-3588-4500-8B0C-B18CCB7586FC}
		{C87C0B2A-B935-4B82-9EAF-80720FFA6A32} = {DD1EAEB4-3588-4500-8B0C-B18CCB7586FC}
		{BB331DFD-28B1-4890-9E77-159C934FF5F4} = {DD1EAEB4-3588-4500-8B0C-B18CCB7586FC}
		{6CAE517F-51BE-465D-8973-C5EAE9311A55} = {DD1EAEB4-3588-4500-8B0C-B18CCB7586FC}
		{E3554382-62CF-4ECB-9660-37A86E3847EC} = {D59219BD-B5D6-4D6D-8966-ADDAB489A183}
		{7F71C9F6-EF7F-4F33-A0CA-B8ABD6224138} = {D59219BD-B5D6-4D6D-8966-ADDAB489A183}
		{1995E7AD-0834-44C2-A803-F974FEE52D4C} = {A83A8EDE-B1ED-47ED-9171-981641003D41}
		{C7B581E9-0775-48CB-8A47-AE37FA4FBFDB} = {A83A8EDE-B1ED-47ED-9171-981641003D41}
		{EC4FCCAA-7336-4C3F-9E94-544E4A3A5B69} = {60C18170-452A-4F14-A413-80A1977B363F}
		{A429F3AF-0986-48A5-8537-F6ACFB0A58FF} = {A83A8EDE-B1ED-47ED-9171-981641003D41}
		{CA3A3425-53D7-4CD2-894E-694E1A6CA1A0} = {60C18170-452A-4F14-A413-80A1977B363F}
		{BD57146A-D2F9-4A4C-9465-77AEC9B27751} = {DD1EAEB4-3588-4500-8B0C-B18CCB7586FC}
		{B260EC27-475A-4C88-91D0-95BE3011783E} = {A83A8EDE-B1ED-47ED-9171-981641003D41}
	EndGlobalSection
	GlobalSection(ExtensibilityGlobals) = postSolution
		SolutionGuid = {D2A7A955-8F98-4B3C-B897-09CF30EB688F}
	EndGlobalSection
EndGlobal
